# Generated by pub
# See https://dart.dev/tools/pub/glossary#lockfile
packages:
  args:
    dependency: transitive
    description:
      name: args
      sha256: d0481093c50b1da8910eb0bb301626d4d8eb7284aa739614d2b394ee09e3ea04
      url: "https://pub.dev"
    source: hosted
    version: "2.7.0"
  basic_interfaces:
    dependency: transitive
    description:
      name: basic_interfaces
      sha256: c37c8c4ddbc594430eb3817a4edfcc9a0cadbc7ea4c51a5b48785e351f1ba479
      url: "https://pub.dev"
    source: hosted
    version: "1.0.4"
  benchmark_harness:
    dependency: "direct main"
    description:
      name: benchmark_harness
      sha256: a2d3c4c83cac0126bf38e41eaf7bd9ed4f6635f1ee1a0cbc6f79fa9736c62cbd
      url: "https://pub.dev"
    source: hosted
    version: "2.4.0"
  lints:
    dependency: "direct dev"
    description:
      name: lints
      sha256: cbf8d4b858bb0134ef3ef87841abdf8d63bfc255c266b7bf6b39daa1085c4290
      url: "https://pub.dev"
    source: hosted
    version: "3.0.0"
  state_beacon_core:
    dependency: "direct main"
    description:
      path: "../../packages/state_beacon_core"
      relative: true
    source: path
    version: "2.0.3"
sdks:
  dart: ">=3.10.0 <4.0.0"
