# Generated by pub
# See https://dart.dev/tools/pub/glossary#lockfile
packages:
  basic_interfaces:
    dependency: transitive
    description:
      name: basic_interfaces
      sha256: c37c8c4ddbc594430eb3817a4edfcc9a0cadbc7ea4c51a5b48785e351f1ba479
      url: "https://pub.dev"
    source: hosted
    version: "1.0.4"
  benchmark_harness:
    dependency: "direct main"
    description:
      name: benchmark_harness
      sha256: "83f65107165883ba8623eb822daacb23dcf9f795c66841de758c9dd7c5a0cf28"
      url: "https://pub.dev"
    source: hosted
    version: "2.3.1"
  characters:
    dependency: transitive
    description:
      name: characters
      sha256: f71061c654a3380576a52b451dd5532377954cf9dbd272a78fc8479606670803
      url: "https://pub.dev"
    source: hosted
    version: "1.4.0"
  collection:
    dependency: transitive
    description:
      name: collection
      sha256: "2f5709ae4d3d59dd8f7cd309b4e023046b57d8a6c82130785d2b0e5868084e76"
      url: "https://pub.dev"
    source: hosted
    version: "1.19.1"
  flutter:
    dependency: "direct main"
    description: flutter
    source: sdk
    version: "0.0.0"
  lite_ref:
    dependency: transitive
    description:
      name: lite_ref
      sha256: "2519ee5c20257ed8b8eec92c967b8ae2a3361895e9e5dd268569c681803df41b"
      url: "https://pub.dev"
    source: hosted
    version: "0.8.1"
  lite_ref_core:
    dependency: transitive
    description:
      name: lite_ref_core
      sha256: b902af6b90736d6fb7a2c171af37d15f4894a5880e9eb55ffb3fee5f01385849
      url: "https://pub.dev"
    source: hosted
    version: "0.1.1"
  material_color_utilities:
    dependency: transitive
    description:
      name: material_color_utilities
      sha256: f7142bb1154231d7ea5f96bc7bde4bda2a0945d2806bb11670e30b850d56bdec
      url: "https://pub.dev"
    source: hosted
    version: "0.11.1"
  meta:
    dependency: transitive
    description:
      name: meta
      sha256: e3641ec5d63ebf0d9b41bd43201a66e3fc79a65db5f61fc181f04cd27aab950c
      url: "https://pub.dev"
    source: hosted
    version: "1.16.0"
  sky_engine:
    dependency: transitive
    description: flutter
    source: sdk
    version: "0.0.0"
  state_beacon:
    dependency: "direct main"
    description:
      path: "../../packages/state_beacon"
      relative: true
    source: path
    version: "1.0.1"
  state_beacon_core:
    dependency: transitive
    description:
      name: state_beacon_core
      sha256: "900a56a65255f5d1763d4d445be9b0189e58de98de3cd57d68e71d6b239ebe72"
      url: "https://pub.dev"
    source: hosted
    version: "1.0.1"
  state_beacon_flutter:
    dependency: transitive
    description:
      name: state_beacon_flutter
      sha256: fba1eff00596886fa15c69f9385eda80ea10b551be0cd37be28ee66eadbfacc3
      url: "https://pub.dev"
    source: hosted
    version: "1.0.1"
  vector_math:
    dependency: transitive
    description:
      name: vector_math
      sha256: d530bd74fea330e6e364cda7a85019c434070188383e1cd8d9777ee586914c5b
      url: "https://pub.dev"
    source: hosted
    version: "2.2.0"
sdks:
  dart: ">=3.8.0-0 <4.0.0"
  flutter: ">=3.17.0-1.0.pre.38"
