# Generated by pub
# See https://dart.dev/tools/pub/glossary#lockfile
packages:
  args:
    dependency: transitive
    description:
      name: args
      sha256: d0481093c50b1da8910eb0bb301626d4d8eb7284aa739614d2b394ee09e3ea04
      url: "https://pub.dev"
    source: hosted
    version: "2.7.0"
  basic_interfaces:
    dependency: transitive
    description:
      name: basic_interfaces
      sha256: c37c8c4ddbc594430eb3817a4edfcc9a0cadbc7ea4c51a5b48785e351f1ba479
      url: "https://pub.dev"
    source: hosted
    version: "1.0.4"
  benchmark_harness:
    dependency: "direct main"
    description:
      name: benchmark_harness
      sha256: a2d3c4c83cac0126bf38e41eaf7bd9ed4f6635f1ee1a0cbc6f79fa9736c62cbd
      url: "https://pub.dev"
    source: hosted
    version: "2.4.0"
  characters:
    dependency: transitive
    description:
      name: characters
      sha256: f71061c654a3380576a52b451dd5532377954cf9dbd272a78fc8479606670803
      url: "https://pub.dev"
    source: hosted
    version: "1.4.0"
  collection:
    dependency: transitive
    description:
      name: collection
      sha256: "2f5709ae4d3d59dd8f7cd309b4e023046b57d8a6c82130785d2b0e5868084e76"
      url: "https://pub.dev"
    source: hosted
    version: "1.19.1"
  flutter:
    dependency: "direct main"
    description: flutter
    source: sdk
    version: "0.0.0"
  lite_ref:
    dependency: transitive
    description:
      name: lite_ref
      sha256: "2519ee5c20257ed8b8eec92c967b8ae2a3361895e9e5dd268569c681803df41b"
      url: "https://pub.dev"
    source: hosted
    version: "0.8.1"
  lite_ref_core:
    dependency: transitive
    description:
      name: lite_ref_core
      sha256: b902af6b90736d6fb7a2c171af37d15f4894a5880e9eb55ffb3fee5f01385849
      url: "https://pub.dev"
    source: hosted
    version: "0.1.1"
  material_color_utilities:
    dependency: transitive
    description:
      name: material_color_utilities
      sha256: f7142bb1154231d7ea5f96bc7bde4bda2a0945d2806bb11670e30b850d56bdec
      url: "https://pub.dev"
    source: hosted
    version: "0.11.1"
  meta:
    dependency: transitive
    description:
      name: meta
      sha256: "23f08335362185a5ea2ad3a4e597f1375e78bce8a040df5c600c8d3552ef2394"
      url: "https://pub.dev"
    source: hosted
    version: "1.17.0"
  sky_engine:
    dependency: transitive
    description: flutter
    source: sdk
    version: "0.0.0"
  state_beacon:
    dependency: "direct main"
    description:
      path: "../../packages/state_beacon"
      relative: true
    source: path
    version: "2.0.4"
  state_beacon_core:
    dependency: "direct overridden"
    description:
      path: "../../packages/state_beacon_core"
      relative: true
    source: path
    version: "3.0.0"
  state_beacon_flutter:
    dependency: "direct overridden"
    description:
      path: "../../packages/state_beacon_flutter"
      relative: true
    source: path
    version: "2.0.4"
  vector_math:
    dependency: transitive
    description:
      name: vector_math
      sha256: d530bd74fea330e6e364cda7a85019c434070188383e1cd8d9777ee586914c5b
      url: "https://pub.dev"
    source: hosted
    version: "2.2.0"
sdks:
  dart: ">=3.10.0 <4.0.0"
  flutter: ">=3.17.0-1.0.pre.38"
