# Generated by pub
# See https://dart.dev/tools/pub/glossary#lockfile
packages:
  args:
    dependency: transitive
    description:
      name: args
      sha256: d0481093c50b1da8910eb0bb301626d4d8eb7284aa739614d2b394ee09e3ea04
      url: "https://pub.dev"
    source: hosted
    version: "2.7.0"
  basic_interfaces:
    dependency: transitive
    description:
      name: basic_interfaces
      sha256: c37c8c4ddbc594430eb3817a4edfcc9a0cadbc7ea4c51a5b48785e351f1ba479
      url: "https://pub.dev"
    source: hosted
    version: "1.0.4"
  benchmark_harness:
    dependency: "direct main"
    description:
      name: benchmark_harness
      sha256: a2d3c4c83cac0126bf38e41eaf7bd9ed4f6635f1ee1a0cbc6f79fa9736c62cbd
      url: "https://pub.dev"
    source: hosted
    version: "2.4.0"
  lints:
    dependency: "direct dev"
    description:
      name: lints
      sha256: a5e2b223cb7c9c8efdc663ef484fdd95bb243bff242ef5b13e26883547fce9a0
      url: "https://pub.dev"
    source: hosted
    version: "6.0.0"
  state_beacon_core:
    dependency: "direct main"
    description:
      name: state_beacon_core
      sha256: "42f72cf8513e6df943818978ed23d192edbc6baf51deea2b866c56ee140aeaaa"
      url: "https://pub.dev"
    source: hosted
    version: "2.0.1"
sdks:
  dart: ">=3.10.0 <4.0.0"
