# Generated by pub
# See https://dart.dev/tools/pub/glossary#lockfile
packages:
  basic_interfaces:
    dependency: transitive
    description:
      name: basic_interfaces
      sha256: c37c8c4ddbc594430eb3817a4edfcc9a0cadbc7ea4c51a5b48785e351f1ba479
      url: "https://pub.dev"
    source: hosted
    version: "1.0.4"
  benchmark_harness:
    dependency: "direct main"
    description:
      name: benchmark_harness
      sha256: "83f65107165883ba8623eb822daacb23dcf9f795c66841de758c9dd7c5a0cf28"
      url: "https://pub.dev"
    source: hosted
    version: "2.3.1"
  lints:
    dependency: "direct dev"
    description:
      name: lints
      sha256: cbf8d4b858bb0134ef3ef87841abdf8d63bfc255c266b7bf6b39daa1085c4290
      url: "https://pub.dev"
    source: hosted
    version: "3.0.0"
  state_beacon_core:
    dependency: "direct main"
    description:
      name: state_beacon_core
      sha256: "900a56a65255f5d1763d4d445be9b0189e58de98de3cd57d68e71d6b239ebe72"
      url: "https://pub.dev"
    source: hosted
    version: "1.0.1"
sdks:
  dart: ">=3.3.2 <4.0.0"
